
Microsoft Visual Studio Solution File, Format Version 12.00
# Visual Studio Version 17
VisualStudioVersion = 17.0.31912.275
MinimumVisualStudioVersion = 10.0.40219.1
Project("{FAE04EC0-301F-11D3-BF4B-00C04F79EFBC}") = "Api", "Api.csproj", "{6C0B2779-DE80-4634-9FFD-66282A8D9EB4}"
EndProject
Project("{FAE04EC0-301F-11D3-BF4B-00C04F79EFBC}") = "Service", "..\Service\Service.csproj", "{D368C964-B654-4DAC-8ED7-45DC43DF33F1}"
EndProject
Global
	GlobalSection(SolutionConfigurationPlatforms) = preSolution
		Debug|Any CPU = Debug|Any CPU
		Release|Any CPU = Release|Any CPU
	EndGlobalSection
	GlobalSection(ProjectConfigurationPlatforms) = postSolution
		{6C0B2779-DE80-4634-9FFD-66282A8D9EB4}.Debug|Any CPU.ActiveCfg = Debug|Any CPU
		{6C0B2779-DE80-4634-9FFD-66282A8D9EB4}.Debug|Any CPU.Build.0 = Debug|Any CPU
		{6C0B2779-DE80-4634-9FFD-66282A8D9EB4}.Release|Any CPU.ActiveCfg = Release|Any CPU
		{6C0B2779-DE80-4634-9FFD-66282A8D9EB4}.Release|Any CPU.Build.0 = Release|Any CPU
		{D368C964-B654-4DAC-8ED7-45DC43DF33F1}.Debug|Any CPU.ActiveCfg = Debug|Any CPU
		{D368C964-B654-4DAC-8ED7-45DC43DF33F1}.Debug|Any CPU.Build.0 = Debug|Any CPU
		{D368C964-B654-4DAC-8ED7-45DC43DF33F1}.Release|Any CPU.ActiveCfg = Release|Any CPU
		{D368C964-B654-4DAC-8ED7-45DC43DF33F1}.Release|Any CPU.Build.0 = Release|Any CPU
	EndGlobalSection
	GlobalSection(SolutionProperties) = preSolution
		HideSolutionNode = FALSE
	EndGlobalSection
	GlobalSection(ExtensibilityGlobals) = postSolution
		SolutionGuid = {A8394CFD-6587-4B9D-B4C1-EA0519C139BD}
	EndGlobalSection
EndGlobal
