
Microsoft Visual Studio Solution File, Format Version 12.00
# Visual Studio Version 17
VisualStudioVersion = 17.0.31912.275
MinimumVisualStudioVersion = 10.0.40219.1
Project("{9A19103F-16F7-4668-BE54-9A1E7A4F7556}") = "KafkaConsumer", "KafkaConsumer.csproj", "{AD6018E4-E43A-47FE-9C94-3E2F2DF67A1A}"
EndProject
Project("{9A19103F-16F7-4668-BE54-9A1E7A4F7556}") = "KafkaProducer", "..\KafkaConsumer1\KafkaProducer.csproj", "{55361292-0E3B-42AF-8888-475A9BF87782}"
EndProject
Global
	GlobalSection(SolutionConfigurationPlatforms) = preSolution
		Debug|Any CPU = Debug|Any CPU
		Release|Any CPU = Release|Any CPU
	EndGlobalSection
	GlobalSection(ProjectConfigurationPlatforms) = postSolution
		{AD6018E4-E43A-47FE-9C94-3E2F2DF67A1A}.Debug|Any CPU.ActiveCfg = Debug|Any CPU
		{AD6018E4-E43A-47FE-9C94-3E2F2DF67A1A}.Debug|Any CPU.Build.0 = Debug|Any CPU
		{AD6018E4-E43A-47FE-9C94-3E2F2DF67A1A}.Release|Any CPU.ActiveCfg = Release|Any CPU
		{AD6018E4-E43A-47FE-9C94-3E2F2DF67A1A}.Release|Any CPU.Build.0 = Release|Any CPU
		{55361292-0E3B-42AF-8888-475A9BF87782}.Debug|Any CPU.ActiveCfg = Debug|Any CPU
		{55361292-0E3B-42AF-8888-475A9BF87782}.Debug|Any CPU.Build.0 = Debug|Any CPU
		{55361292-0E3B-42AF-8888-475A9BF87782}.Release|Any CPU.ActiveCfg = Release|Any CPU
		{55361292-0E3B-42AF-8888-475A9BF87782}.Release|Any CPU.Build.0 = Release|Any CPU
	EndGlobalSection
	GlobalSection(SolutionProperties) = preSolution
		HideSolutionNode = FALSE
	EndGlobalSection
	GlobalSection(ExtensibilityGlobals) = postSolution
		SolutionGuid = {D09D5864-8B87-4084-AFE9-A753C11893E0}
	EndGlobalSection
EndGlobal
