
Microsoft Visual Studio Solution File, Format Version 12.00
# Visual Studio Version 17
VisualStudioVersion = 17.0.31912.275
MinimumVisualStudioVersion = 10.0.40219.1
Project("{9A19103F-16F7-4668-BE54-9A1E7A4F7556}") = "PaymentService", "PaymentService.csproj", "{488312B0-9B23-4E4A-B168-8492D3A0F6F3}"
EndProject
Global
	GlobalSection(SolutionConfigurationPlatforms) = preSolution
		Debug|Any CPU = Debug|Any CPU
		Release|Any CPU = Release|Any CPU
	EndGlobalSection
	GlobalSection(ProjectConfigurationPlatforms) = postSolution
		{488312B0-9B23-4E4A-B168-8492D3A0F6F3}.Debug|Any CPU.ActiveCfg = Debug|Any CPU
		{488312B0-9B23-4E4A-B168-8492D3A0F6F3}.Debug|Any CPU.Build.0 = Debug|Any CPU
		{488312B0-9B23-4E4A-B168-8492D3A0F6F3}.Release|Any CPU.ActiveCfg = Release|Any CPU
		{488312B0-9B23-4E4A-B168-8492D3A0F6F3}.Release|Any CPU.Build.0 = Release|Any CPU
	EndGlobalSection
	GlobalSection(SolutionProperties) = preSolution
		HideSolutionNode = FALSE
	EndGlobalSection
	GlobalSection(ExtensibilityGlobals) = postSolution
		SolutionGuid = {E8AF3486-EEE6-4581-912D-56BDE560BBCD}
	EndGlobalSection
EndGlobal
